
Microsoft Visual Studio Solution File, Format Version 12.00
# Visual Studio Version 16
VisualStudioVersion = 16.0.29102.190
MinimumVisualStudioVersion = 10.0.40219.1
Project("{FAE04EC0-301F-11D3-BF4B-00C04F79EFBC}") = "ClarkCodingChallenge", "ClarkCodingChallenge\ClarkCodingChallenge.csproj", "{B2D62ECE-1CDD-4CAD-AF29-F456737C9AE8}"
EndProject
Project("{FAE04EC0-301F-11D3-BF4B-00C04F79EFBC}") = "ClarkCodingChallenge.Tests", "ClarkCodingChallenge.Tests\ClarkCodingChallenge.Tests.csproj", "{8EDCAD28-CED3-4213-8773-42D5057E4FC2}"
EndProject
Global
	GlobalSection(SolutionConfigurationPlatforms) = preSolution
		Debug|Any CPU = Debug|Any CPU
		Release|Any CPU = Release|Any CPU
	EndGlobalSection
	GlobalSection(ProjectConfigurationPlatforms) = postSolution
		{B2D62ECE-1CDD-4CAD-AF29-F456737C9AE8}.Debug|Any CPU.ActiveCfg = Debug|Any CPU
		{B2D62ECE-1CDD-4CAD-AF29-F456737C9AE8}.Debug|Any CPU.Build.0 = Debug|Any CPU
		{B2D62ECE-1CDD-4CAD-AF29-F456737C9AE8}.Release|Any CPU.ActiveCfg = Release|Any CPU
		{B2D62ECE-1CDD-4CAD-AF29-F456737C9AE8}.Release|Any CPU.Build.0 = Release|Any CPU
		{8EDCAD28-CED3-4213-8773-42D5057E4FC2}.Debug|Any CPU.ActiveCfg = Debug|Any CPU
		{8EDCAD28-CED3-4213-8773-42D5057E4FC2}.Debug|Any CPU.Build.0 = Debug|Any CPU
		{8EDCAD28-CED3-4213-8773-42D5057E4FC2}.Release|Any CPU.ActiveCfg = Release|Any CPU
		{8EDCAD28-CED3-4213-8773-42D5057E4FC2}.Release|Any CPU.Build.0 = Release|Any CPU
	EndGlobalSection
	GlobalSection(SolutionProperties) = preSolution
		HideSolutionNode = FALSE
	EndGlobalSection
	GlobalSection(ExtensibilityGlobals) = postSolution
		SolutionGuid = {2B2A5DCE-5E37-4842-993F-6FBC26581F6F}
	EndGlobalSection
EndGlobal
